
Microsoft Visual Studio Solution File, Format Version 12.00
# Visual Studio Version 17
VisualStudioVersion = 17.10.35013.160
MinimumVisualStudioVersion = 10.0.40219.1
Project("{FAE04EC0-301F-11D3-BF4B-00C04F79EFBC}") = "SchoolWebApi", "SchoolWebApi\SchoolWebApi.csproj", "{8888DCCA-55E5-4FCF-A5DB-20F290A9F872}"
EndProject
Global
	GlobalSection(SolutionConfigurationPlatforms) = preSolution
		Debug|Any CPU = Debug|Any CPU
		Release|Any CPU = Release|Any CPU
	EndGlobalSection
	GlobalSection(ProjectConfigurationPlatforms) = postSolution
		{8888DCCA-55E5-4FCF-A5DB-20F290A9F872}.Debug|Any CPU.ActiveCfg = Debug|Any CPU
		{8888DCCA-55E5-4FCF-A5DB-20F290A9F872}.Debug|Any CPU.Build.0 = Debug|Any CPU
		{8888DCCA-55E5-4FCF-A5DB-20F290A9F872}.Release|Any CPU.ActiveCfg = Release|Any CPU
		{8888DCCA-55E5-4FCF-A5DB-20F290A9F872}.Release|Any CPU.Build.0 = Release|Any CPU
	EndGlobalSection
	GlobalSection(SolutionProperties) = preSolution
		HideSolutionNode = FALSE
	EndGlobalSection
	GlobalSection(ExtensibilityGlobals) = postSolution
		SolutionGuid = {322D3261-ABD4-4F79-8DB8-E744A9370D7D}
	EndGlobalSection
EndGlobal
